// !$*UTF8*$!
{
	archiveVersion = 1;
	classes = {
	};
	objectVersion = 46;
	objects = {

/* Begin PBXBuildFile section */
		2301342C1A9FCD8300023704 /* solverCellButton.m in Sources */ = {isa = PBXBuildFile; fileRef = 2301342B1A9FCD8300023704 /* solverCellButton.m */; };
		230AD8E719ED164E00648B01 /* main.m in Sources */ = {isa = PBXBuildFile; fileRef = 230AD8E619ED164E00648B01 /* main.m */; };
		230AD8EA19ED164E00648B01 /* AppDelegate.m in Sources */ = {isa = PBXBuildFile; fileRef = 230AD8E919ED164E00648B01 /* AppDelegate.m */; };
		230AD8ED19ED164E00648B01 /* ViewController.m in Sources */ = {isa = PBXBuildFile; fileRef = 230AD8EC19ED164E00648B01 /* ViewController.m */; };
		230AD8F019ED164E00648B01 /* Main.storyboard in Resources */ = {isa = PBXBuildFile; fileRef = 230AD8EE19ED164E00648B01 /* Main.storyboard */; };
		230AD8F219ED164E00648B01 /* Images.xcassets in Resources */ = {isa = PBXBuildFile; fileRef = 230AD8F119ED164E00648B01 /* Images.xcassets */; };
		230AD8F519ED164E00648B01 /* LaunchScreen.xib in Resources */ = {isa = PBXBuildFile; fileRef = 230AD8F319ED164E00648B01 /* LaunchScreen.xib */; };
		230AD90119ED164E00648B01 /* KillerSudokuTests.m in Sources */ = {isa = PBXBuildFile; fileRef = 230AD90019ED164E00648B01 /* KillerSudokuTests.m */; };
		230AD91219ED1E9B00648B01 /* GameBoard.m in Sources */ = {isa = PBXBuildFile; fileRef = 230AD91119ED1E9B00648B01 /* GameBoard.m */; };
		230AD91319ED1E9B00648B01 /* GameBoard.m in Sources */ = {isa = PBXBuildFile; fileRef = 230AD91119ED1E9B00648B01 /* GameBoard.m */; };
		230AD91519ED1F2700648B01 /* GameBoardTests.m in Sources */ = {isa = PBXBuildFile; fileRef = 230AD91419ED1F2700648B01 /* GameBoardTests.m */; };
		231F001A1A666B56005886A1 /* Generator.m in Sources */ = {isa = PBXBuildFile; fileRef = 231F00191A666B56005886A1 /* Generator.m */; };
		234BA0571A74EAD200B09F5B /* game3 in Resources */ = {isa = PBXBuildFile; fileRef = 234BA0561A74EAD200B09F5B /* game3 */; };
		234BA05A1A74F0BD00B09F5B /* multiple_solutions in Resources */ = {isa = PBXBuildFile; fileRef = 234BA0591A74F0BD00B09F5B /* multiple_solutions */; };
		234BA05D1A74FAF500B09F5B /* no_solution in Resources */ = {isa = PBXBuildFile; fileRef = 234BA05C1A74FAF500B09F5B /* no_solution */; };
		234BA05F1A74FCDB00B09F5B /* level_50 in Resources */ = {isa = PBXBuildFile; fileRef = 234BA05E1A74FCDB00B09F5B /* level_50 */; };
		234BA0611A74FD7800B09F5B /* level_10 in Resources */ = {isa = PBXBuildFile; fileRef = 234BA0601A74FD7800B09F5B /* level_10 */; };
		234BA0631A74FDC000B09F5B /* level_80 in Resources */ = {isa = PBXBuildFile; fileRef = 234BA0621A74FDC000B09F5B /* level_80 */; };
		234BA0651A74FE0B00B09F5B /* level_95 in Resources */ = {isa = PBXBuildFile; fileRef = 234BA0641A74FE0B00B09F5B /* level_95 */; };
		234BA0671A74FE5400B09F5B /* level_0 in Resources */ = {isa = PBXBuildFile; fileRef = 234BA0661A74FE5400B09F5B /* level_0 */; };
		234BA06A1A74FFD700B09F5B /* DfsByCell.m in Sources */ = {isa = PBXBuildFile; fileRef = 234BA0691A74FFD700B09F5B /* DfsByCell.m */; };
		234BA06D1A74FFE300B09F5B /* DfsByCage.m in Sources */ = {isa = PBXBuildFile; fileRef = 234BA06C1A74FFE300B09F5B /* DfsByCage.m */; };
		2363BC291A1B3E430063F949 /* Solver.m in Sources */ = {isa = PBXBuildFile; fileRef = 2363BC281A1B3E430063F949 /* Solver.m */; };
		2363BC2D1A1B412F0063F949 /* game1 in Resources */ = {isa = PBXBuildFile; fileRef = 2363BC2C1A1B412F0063F949 /* game1 */; };
		2367837B1A124CB300DF97F2 /* SolverViewController.m in Sources */ = {isa = PBXBuildFile; fileRef = 2367837A1A124CB300DF97F2 /* SolverViewController.m */; };
		2367B9811A378BAA000852AC /* AlgorithmX.m in Sources */ = {isa = PBXBuildFile; fileRef = 2367B9801A378BAA000852AC /* AlgorithmX.m */; };
		2371AB511A92003B0098ED5C /* combination.txt in Resources */ = {isa = PBXBuildFile; fileRef = 2371AB4D1A91FE720098ED5C /* combination.txt */; };
		2374891019F65C3000A0DCE3 /* UnionFind.m in Sources */ = {isa = PBXBuildFile; fileRef = 2374890F19F65C3000A0DCE3 /* UnionFind.m */; };
		237582961A1417660057C29B /* Constant.m in Sources */ = {isa = PBXBuildFile; fileRef = 237582951A1417660057C29B /* Constant.m */; };
		2375D0C31A2135370044898A /* allSingleGame in Resources */ = {isa = PBXBuildFile; fileRef = 2375D0C21A2135370044898A /* allSingleGame */; };
		2375D0C51A2141690044898A /* easy1 in Resources */ = {isa = PBXBuildFile; fileRef = 2375D0C41A2141690044898A /* easy1 */; };
		23881DC51A91404E00527917 /* cellButton.m in Sources */ = {isa = PBXBuildFile; fileRef = 23881DC41A91404E00527917 /* cellButton.m */; };
		23B927E11A38999400A64FAF /* game2 in Resources */ = {isa = PBXBuildFile; fileRef = 23B927E01A38999400A64FAF /* game2 */; };
		23D84A1A1AA916E500F1EE71 /* CoreText.framework in Frameworks */ = {isa = PBXBuildFile; fileRef = 23D84A191AA916E500F1EE71 /* CoreText.framework */; };
		23D84A4A1AA918D200F1EE71 /* FUIAlertView.m in Sources */ = {isa = PBXBuildFile; fileRef = 23D84A231AA918D200F1EE71 /* FUIAlertView.m */; };
		23D84A4B1AA918D200F1EE71 /* FUIButton.m in Sources */ = {isa = PBXBuildFile; fileRef = 23D84A251AA918D200F1EE71 /* FUIButton.m */; };
		23D84A4C1AA918D200F1EE71 /* FUICellBackgroundView.m in Sources */ = {isa = PBXBuildFile; fileRef = 23D84A271AA918D200F1EE71 /* FUICellBackgroundView.m */; };
		23D84A4D1AA918D200F1EE71 /* FUIPopoverBackgroundView.m in Sources */ = {isa = PBXBuildFile; fileRef = 23D84A291AA918D200F1EE71 /* FUIPopoverBackgroundView.m */; };
		23D84A4E1AA918D200F1EE71 /* FUISegmentedControl.m in Sources */ = {isa = PBXBuildFile; fileRef = 23D84A2B1AA918D200F1EE71 /* FUISegmentedControl.m */; };
		23D84A4F1AA918D200F1EE71 /* FUISwitch.m in Sources */ = {isa = PBXBuildFile; fileRef = 23D84A2D1AA918D200F1EE71 /* FUISwitch.m */; };
		23D84A501AA918D200F1EE71 /* FUITextField.m in Sources */ = {isa = PBXBuildFile; fileRef = 23D84A2F1AA918D200F1EE71 /* FUITextField.m */; };
		23D84A511AA918D200F1EE71 /* NSString+Icons.m in Sources */ = {isa = PBXBuildFile; fileRef = 23D84A311AA918D200F1EE71 /* NSString+Icons.m */; };
		23D84A521AA918D200F1EE71 /* UIBarButtonItem+FlatUI.m in Sources */ = {isa = PBXBuildFile; fileRef = 23D84A331AA918D200F1EE71 /* UIBarButtonItem+FlatUI.m */; };
		23D84A531AA918D200F1EE71 /* UIColor+FlatUI.m in Sources */ = {isa = PBXBuildFile; fileRef = 23D84A351AA918D200F1EE71 /* UIColor+FlatUI.m */; };
		23D84A541AA918D200F1EE71 /* UIFont+FlatUI.m in Sources */ = {isa = PBXBuildFile; fileRef = 23D84A371AA918D200F1EE71 /* UIFont+FlatUI.m */; };
		23D84A551AA918D200F1EE71 /* UIImage+FlatUI.m in Sources */ = {isa = PBXBuildFile; fileRef = 23D84A391AA918D200F1EE71 /* UIImage+FlatUI.m */; };
		23D84A561AA918D200F1EE71 /* UINavigationBar+FlatUI.m in Sources */ = {isa = PBXBuildFile; fileRef = 23D84A3B1AA918D200F1EE71 /* UINavigationBar+FlatUI.m */; };
		23D84A571AA918D200F1EE71 /* UIPopoverController+FlatUI.m in Sources */ = {isa = PBXBuildFile; fileRef = 23D84A3D1AA918D200F1EE71 /* UIPopoverController+FlatUI.m */; };
		23D84A581AA918D200F1EE71 /* UIProgressView+FlatUI.m in Sources */ = {isa = PBXBuildFile; fileRef = 23D84A3F1AA918D200F1EE71 /* UIProgressView+FlatUI.m */; };
		23D84A591AA918D200F1EE71 /* UISlider+FlatUI.m in Sources */ = {isa = PBXBuildFile; fileRef = 23D84A411AA918D200F1EE71 /* UISlider+FlatUI.m */; };
		23D84A5A1AA918D200F1EE71 /* UIStepper+FlatUI.m in Sources */ = {isa = PBXBuildFile; fileRef = 23D84A431AA918D200F1EE71 /* UIStepper+FlatUI.m */; };
		23D84A5B1AA918D200F1EE71 /* UITabBar+FlatUI.m in Sources */ = {isa = PBXBuildFile; fileRef = 23D84A451AA918D200F1EE71 /* UITabBar+FlatUI.m */; };
		23D84A5C1AA918D200F1EE71 /* UITableViewCell+FlatUI.m in Sources */ = {isa = PBXBuildFile; fileRef = 23D84A471AA918D200F1EE71 /* UITableViewCell+FlatUI.m */; };
		23D84A5D1AA918D200F1EE71 /* UIToolbar+FlatUI.m in Sources */ = {isa = PBXBuildFile; fileRef = 23D84A491AA918D200F1EE71 /* UIToolbar+FlatUI.m */; };
		23D84A661AA91C7D00F1EE71 /* flat-ui-icons-regular.ttf in Resources */ = {isa = PBXBuildFile; fileRef = 23D84A611AA91C7D00F1EE71 /* flat-ui-icons-regular.ttf */; };
		23D84A671AA91C7D00F1EE71 /* Lato-Bold.ttf in Resources */ = {isa = PBXBuildFile; fileRef = 23D84A621AA91C7D00F1EE71 /* Lato-Bold.ttf */; };
		23D84A681AA91C7D00F1EE71 /* Lato-Italic.ttf in Resources */ = {isa = PBXBuildFile; fileRef = 23D84A631AA91C7D00F1EE71 /* Lato-Italic.ttf */; };
		23D84A691AA91C7D00F1EE71 /* Lato-Light.ttf in Resources */ = {isa = PBXBuildFile; fileRef = 23D84A641AA91C7D00F1EE71 /* Lato-Light.ttf */; };
		23D84A6A1AA91C7D00F1EE71 /* Lato-Regular.ttf in Resources */ = {isa = PBXBuildFile; fileRef = 23D84A651AA91C7D00F1EE71 /* Lato-Regular.ttf */; };
		23E2BC541A1B869C000342CE /* Combination.m in Sources */ = {isa = PBXBuildFile; fileRef = 23E2BC531A1B869C000342CE /* Combination.m */; };
		23F0FC8E1A8ABCBC0034322F /* NewGameViewController.m in Sources */ = {isa = PBXBuildFile; fileRef = 23F0FC8D1A8ABCBC0034322F /* NewGameViewController.m */; };
		23F0FC931A8ACE870034322F /* multiple_solutions_2 in Resources */ = {isa = PBXBuildFile; fileRef = 23F0FC921A8ACE870034322F /* multiple_solutions_2 */; };
/* End PBXBuildFile section */

/* Begin PBXContainerItemProxy section */
		230AD8FB19ED164E00648B01 /* PBXContainerItemProxy */ = {
			isa = PBXContainerItemProxy;
			containerPortal = 230AD8D919ED164E00648B01 /* Project object */;
			proxyType = 1;
			remoteGlobalIDString = 230AD8E019ED164E00648B01;
			remoteInfo = KillerSudoku;
		};
/* End PBXContainerItemProxy section */

/* Begin PBXFileReference section */
		2301342A1A9FCD8300023704 /* solverCellButton.h */ = {isa = PBXFileReference; fileEncoding = 4; lastKnownFileType = sourcecode.c.h; path = solverCellButton.h; sourceTree = "<group>"; };
		2301342B1A9FCD8300023704 /* solverCellButton.m */ = {isa = PBXFileReference; fileEncoding = 4; lastKnownFileType = sourcecode.c.objc; path = solverCellButton.m; sourceTree = "<group>"; };
		230AD8E119ED164E00648B01 /* KillerSudoku.app */ = {isa = PBXFileReference; explicitFileType = wrapper.application; includeInIndex = 0; path = KillerSudoku.app; sourceTree = BUILT_PRODUCTS_DIR; };
		230AD8E519ED164E00648B01 /* Info.plist */ = {isa = PBXFileReference; lastKnownFileType = text.plist.xml; path = Info.plist; sourceTree = "<group>"; };
		230AD8E619ED164E00648B01 /* main.m */ = {isa = PBXFileReference; lastKnownFileType = sourcecode.c.objc; path = main.m; sourceTree = "<group>"; };
		230AD8E819ED164E00648B01 /* AppDelegate.h */ = {isa = PBXFileReference; lastKnownFileType = sourcecode.c.h; path = AppDelegate.h; sourceTree = "<group>"; };
		230AD8E919ED164E00648B01 /* AppDelegate.m */ = {isa = PBXFileReference; lastKnownFileType = sourcecode.c.objc; path = AppDelegate.m; sourceTree = "<group>"; };
		230AD8EB19ED164E00648B01 /* ViewController.h */ = {isa = PBXFileReference; lastKnownFileType = sourcecode.c.h; path = ViewController.h; sourceTree = "<group>"; };
		230AD8EC19ED164E00648B01 /* ViewController.m */ = {isa = PBXFileReference; lastKnownFileType = sourcecode.c.objc; path = ViewController.m; sourceTree = "<group>"; };
		230AD8EF19ED164E00648B01 /* Base */ = {isa = PBXFileReference; lastKnownFileType = file.storyboard; name = Base; path = Base.lproj/Main.storyboard; sourceTree = "<group>"; };
		230AD8F119ED164E00648B01 /* Images.xcassets */ = {isa = PBXFileReference; lastKnownFileType = folder.assetcatalog; path = Images.xcassets; sourceTree = "<group>"; };
		230AD8F419ED164E00648B01 /* Base */ = {isa = PBXFileReference; lastKnownFileType = file.xib; name = Base; path = Base.lproj/LaunchScreen.xib; sourceTree = "<group>"; };
		230AD8FA19ED164E00648B01 /* KillerSudokuTests.xctest */ = {isa = PBXFileReference; explicitFileType = wrapper.cfbundle; includeInIndex = 0; path = KillerSudokuTests.xctest; sourceTree = BUILT_PRODUCTS_DIR; };
		230AD8FF19ED164E00648B01 /* Info.plist */ = {isa = PBXFileReference; lastKnownFileType = text.plist.xml; path = Info.plist; sourceTree = "<group>"; };
		230AD90019ED164E00648B01 /* KillerSudokuTests.m */ = {isa = PBXFileReference; lastKnownFileType = sourcecode.c.objc; path = KillerSudokuTests.m; sourceTree = "<group>"; };
		230AD91019ED1E9B00648B01 /* GameBoard.h */ = {isa = PBXFileReference; fileEncoding = 4; lastKnownFileType = sourcecode.c.h; path = GameBoard.h; sourceTree = "<group>"; };
		230AD91119ED1E9B00648B01 /* GameBoard.m */ = {isa = PBXFileReference; fileEncoding = 4; lastKnownFileType = sourcecode.c.objc; path = GameBoard.m; sourceTree = "<group>"; };
		230AD91419ED1F2700648B01 /* GameBoardTests.m */ = {isa = PBXFileReference; fileEncoding = 4; lastKnownFileType = sourcecode.c.objc; path = GameBoardTests.m; sourceTree = "<group>"; };
		231F00181A666B56005886A1 /* Generator.h */ = {isa = PBXFileReference; fileEncoding = 4; lastKnownFileType = sourcecode.c.h; path = Generator.h; sourceTree = "<group>"; };
		231F00191A666B56005886A1 /* Generator.m */ = {isa = PBXFileReference; fileEncoding = 4; lastKnownFileType = sourcecode.c.objc; path = Generator.m; sourceTree = "<group>"; };
		234BA0561A74EAD200B09F5B /* game3 */ = {isa = PBXFileReference; fileEncoding = 4; lastKnownFileType = text; path = game3; sourceTree = "<group>"; };
		234BA0591A74F0BD00B09F5B /* multiple_solutions */ = {isa = PBXFileReference; fileEncoding = 4; lastKnownFileType = text; path = multiple_solutions; sourceTree = "<group>"; };
		234BA05C1A74FAF500B09F5B /* no_solution */ = {isa = PBXFileReference; fileEncoding = 4; lastKnownFileType = text; path = no_solution; sourceTree = "<group>"; };
		234BA05E1A74FCDB00B09F5B /* level_50 */ = {isa = PBXFileReference; fileEncoding = 4; lastKnownFileType = text; path = level_50; sourceTree = "<group>"; };
		234BA0601A74FD7800B09F5B /* level_10 */ = {isa = PBXFileReference; fileEncoding = 4; lastKnownFileType = text; path = level_10; sourceTree = "<group>"; };
		234BA0621A74FDC000B09F5B /* level_80 */ = {isa = PBXFileReference; fileEncoding = 4; lastKnownFileType = text; path = level_80; sourceTree = "<group>"; };
		234BA0641A74FE0B00B09F5B /* level_95 */ = {isa = PBXFileReference; fileEncoding = 4; lastKnownFileType = text; path = level_95; sourceTree = "<group>"; };
		234BA0661A74FE5400B09F5B /* level_0 */ = {isa = PBXFileReference; fileEncoding = 4; lastKnownFileType = text; path = level_0; sourceTree = "<group>"; };
		234BA0681A74FFD700B09F5B /* DfsByCell.h */ = {isa = PBXFileReference; fileEncoding = 4; lastKnownFileType = sourcecode.c.h; path = DfsByCell.h; sourceTree = "<group>"; };
		234BA0691A74FFD700B09F5B /* DfsByCell.m */ = {isa = PBXFileReference; fileEncoding = 4; lastKnownFileType = sourcecode.c.objc; path = DfsByCell.m; sourceTree = "<group>"; };
		234BA06B1A74FFE300B09F5B /* DfsByCage.h */ = {isa = PBXFileReference; fileEncoding = 4; lastKnownFileType = sourcecode.c.h; path = DfsByCage.h; sourceTree = "<group>"; };
		234BA06C1A74FFE300B09F5B /* DfsByCage.m */ = {isa = PBXFileReference; fileEncoding = 4; lastKnownFileType = sourcecode.c.objc; path = DfsByCage.m; sourceTree = "<group>"; };
		2363BC271A1B3E430063F949 /* Solver.h */ = {isa = PBXFileReference; fileEncoding = 4; lastKnownFileType = sourcecode.c.h; path = Solver.h; sourceTree = "<group>"; };
		2363BC281A1B3E430063F949 /* Solver.m */ = {isa = PBXFileReference; fileEncoding = 4; lastKnownFileType = sourcecode.c.objc; path = Solver.m; sourceTree = "<group>"; };
		2363BC2C1A1B412F0063F949 /* game1 */ = {isa = PBXFileReference; fileEncoding = 4; lastKnownFileType = text; path = game1; sourceTree = "<group>"; };
		236783791A124CB300DF97F2 /* SolverViewController.h */ = {isa = PBXFileReference; fileEncoding = 4; lastKnownFileType = sourcecode.c.h; path = SolverViewController.h; sourceTree = "<group>"; };
		2367837A1A124CB300DF97F2 /* SolverViewController.m */ = {isa = PBXFileReference; fileEncoding = 4; lastKnownFileType = sourcecode.c.objc; path = SolverViewController.m; sourceTree = "<group>"; };
		2367B97F1A378BAA000852AC /* AlgorithmX.h */ = {isa = PBXFileReference; fileEncoding = 4; lastKnownFileType = sourcecode.c.h; path = AlgorithmX.h; sourceTree = "<group>"; };
		2367B9801A378BAA000852AC /* AlgorithmX.m */ = {isa = PBXFileReference; fileEncoding = 4; lastKnownFileType = sourcecode.c.objc; path = AlgorithmX.m; sourceTree = "<group>"; };
		2371AB4D1A91FE720098ED5C /* combination.txt */ = {isa = PBXFileReference; fileEncoding = 4; lastKnownFileType = text; path = combination.txt; sourceTree = "<group>"; };
		2374890E19F65C3000A0DCE3 /* UnionFind.h */ = {isa = PBXFileReference; fileEncoding = 4; lastKnownFileType = sourcecode.c.h; path = UnionFind.h; sourceTree = "<group>"; };
		2374890F19F65C3000A0DCE3 /* UnionFind.m */ = {isa = PBXFileReference; fileEncoding = 4; lastKnownFileType = sourcecode.c.objc; path = UnionFind.m; sourceTree = "<group>"; };
		237582941A1417660057C29B /* Constant.h */ = {isa = PBXFileReference; fileEncoding = 4; lastKnownFileType = sourcecode.c.h; path = Constant.h; sourceTree = "<group>"; };
		237582951A1417660057C29B /* Constant.m */ = {isa = PBXFileReference; fileEncoding = 4; lastKnownFileType = sourcecode.c.objc; path = Constant.m; sourceTree = "<group>"; };
		2375D0C21A2135370044898A /* allSingleGame */ = {isa = PBXFileReference; fileEncoding = 4; lastKnownFileType = text; path = allSingleGame; sourceTree = "<group>"; };
		2375D0C41A2141690044898A /* easy1 */ = {isa = PBXFileReference; fileEncoding = 4; lastKnownFileType = text; path = easy1; sourceTree = "<group>"; };
		23881DC31A91404E00527917 /* cellButton.h */ = {isa = PBXFileReference; fileEncoding = 4; lastKnownFileType = sourcecode.c.h; path = cellButton.h; sourceTree = "<group>"; };
		23881DC41A91404E00527917 /* cellButton.m */ = {isa = PBXFileReference; fileEncoding = 4; lastKnownFileType = sourcecode.c.objc; path = cellButton.m; sourceTree = "<group>"; };
		23B927E01A38999400A64FAF /* game2 */ = {isa = PBXFileReference; fileEncoding = 4; lastKnownFileType = text; path = game2; sourceTree = "<group>"; };
		23D84A191AA916E500F1EE71 /* CoreText.framework */ = {isa = PBXFileReference; lastKnownFileType = wrapper.framework; name = CoreText.framework; path = System/Library/Frameworks/CoreText.framework; sourceTree = SDKROOT; };
		23D84A211AA918D200F1EE71 /* FlatUIKit.h */ = {isa = PBXFileReference; fileEncoding = 4; lastKnownFileType = sourcecode.c.h; path = FlatUIKit.h; sourceTree = "<group>"; };
		23D84A221AA918D200F1EE71 /* FUIAlertView.h */ = {isa = PBXFileReference; fileEncoding = 4; lastKnownFileType = sourcecode.c.h; path = FUIAlertView.h; sourceTree = "<group>"; };
		23D84A231AA918D200F1EE71 /* FUIAlertView.m */ = {isa = PBXFileReference; fileEncoding = 4; lastKnownFileType = sourcecode.c.objc; path = FUIAlertView.m; sourceTree = "<group>"; };
		23D84A241AA918D200F1EE71 /* FUIButton.h */ = {isa = PBXFileReference; fileEncoding = 4; lastKnownFileType = sourcecode.c.h; path = FUIButton.h; sourceTree = "<group>"; };
		23D84A251AA918D200F1EE71 /* FUIButton.m */ = {isa = PBXFileReference; fileEncoding = 4; lastKnownFileType = sourcecode.c.objc; path = FUIButton.m; sourceTree = "<group>"; };
		23D84A261AA918D200F1EE71 /* FUICellBackgroundView.h */ = {isa = PBXFileReference; fileEncoding = 4; lastKnownFileType = sourcecode.c.h; path = FUICellBackgroundView.h; sourceTree = "<group>"; };
		23D84A271AA918D200F1EE71 /* FUICellBackgroundView.m */ = {isa = PBXFileReference; fileEncoding = 4; lastKnownFileType = sourcecode.c.objc; path = FUICellBackgroundView.m; sourceTree = "<group>"; };
		23D84A281AA918D200F1EE71 /* FUIPopoverBackgroundView.h */ = {isa = PBXFileReference; fileEncoding = 4; lastKnownFileType = sourcecode.c.h; path = FUIPopoverBackgroundView.h; sourceTree = "<group>"; };
		23D84A291AA918D200F1EE71 /* FUIPopoverBackgroundView.m */ = {isa = PBXFileReference; fileEncoding = 4; lastKnownFileType = sourcecode.c.objc; path = FUIPopoverBackgroundView.m; sourceTree = "<group>"; };
		23D84A2A1AA918D200F1EE71 /* FUISegmentedControl.h */ = {isa = PBXFileReference; fileEncoding = 4; lastKnownFileType = sourcecode.c.h; path = FUISegmentedControl.h; sourceTree = "<group>"; };
		23D84A2B1AA918D200F1EE71 /* FUISegmentedControl.m */ = {isa = PBXFileReference; fileEncoding = 4; lastKnownFileType = sourcecode.c.objc; path = FUISegmentedControl.m; sourceTree = "<group>"; };
		23D84A2C1AA918D200F1EE71 /* FUISwitch.h */ = {isa = PBXFileReference; fileEncoding = 4; lastKnownFileType = sourcecode.c.h; path = FUISwitch.h; sourceTree = "<group>"; };
		23D84A2D1AA918D200F1EE71 /* FUISwitch.m */ = {isa = PBXFileReference; fileEncoding = 4; lastKnownFileType = sourcecode.c.objc; path = FUISwitch.m; sourceTree = "<group>"; };
		23D84A2E1AA918D200F1EE71 /* FUITextField.h */ = {isa = PBXFileReference; fileEncoding = 4; lastKnownFileType = sourcecode.c.h; path = FUITextField.h; sourceTree = "<group>"; };
		23D84A2F1AA918D200F1EE71 /* FUITextField.m */ = {isa = PBXFileReference; fileEncoding = 4; lastKnownFileType = sourcecode.c.objc; path = FUITextField.m; sourceTree = "<group>"; };
		23D84A301AA918D200F1EE71 /* NSString+Icons.h */ = {isa = PBXFileReference; fileEncoding = 4; lastKnownFileType = sourcecode.c.h; path = "NSString+Icons.h"; sourceTree = "<group>"; };
		23D84A311AA918D200F1EE71 /* NSString+Icons.m */ = {isa = PBXFileReference; fileEncoding = 4; lastKnownFileType = sourcecode.c.objc; path = "NSString+Icons.m"; sourceTree = "<group>"; };
		23D84A321AA918D200F1EE71 /* UIBarButtonItem+FlatUI.h */ = {isa = PBXFileReference; fileEncoding = 4; lastKnownFileType = sourcecode.c.h; path = "UIBarButtonItem+FlatUI.h"; sourceTree = "<group>"; };
		23D84A331AA918D200F1EE71 /* UIBarButtonItem+FlatUI.m */ = {isa = PBXFileReference; fileEncoding = 4; lastKnownFileType = sourcecode.c.objc; path = "UIBarButtonItem+FlatUI.m"; sourceTree = "<group>"; };
		23D84A341AA918D200F1EE71 /* UIColor+FlatUI.h */ = {isa = PBXFileReference; fileEncoding = 4; lastKnownFileType = sourcecode.c.h; path = "UIColor+FlatUI.h"; sourceTree = "<group>"; };
		23D84A351AA918D200F1EE71 /* UIColor+FlatUI.m */ = {isa = PBXFileReference; fileEncoding = 4; lastKnownFileType = sourcecode.c.objc; path = "UIColor+FlatUI.m"; sourceTree = "<group>"; };
		23D84A361AA918D200F1EE71 /* UIFont+FlatUI.h */ = {isa = PBXFileReference; fileEncoding = 4; lastKnownFileType = sourcecode.c.h; path = "UIFont+FlatUI.h"; sourceTree = "<group>"; };
		23D84A371AA918D200F1EE71 /* UIFont+FlatUI.m */ = {isa = PBXFileReference; fileEncoding = 4; lastKnownFileType = sourcecode.c.objc; path = "UIFont+FlatUI.m"; sourceTree = "<group>"; };
		23D84A381AA918D200F1EE71 /* UIImage+FlatUI.h */ = {isa = PBXFileReference; fileEncoding = 4; lastKnownFileType = sourcecode.c.h; path = "UIImage+FlatUI.h"; sourceTree = "<group>"; };
		23D84A391AA918D200F1EE71 /* UIImage+FlatUI.m */ = {isa = PBXFileReference; fileEncoding = 4; lastKnownFileType = sourcecode.c.objc; path = "UIImage+FlatUI.m"; sourceTree = "<group>"; };
		23D84A3A1AA918D200F1EE71 /* UINavigationBar+FlatUI.h */ = {isa = PBXFileReference; fileEncoding = 4; lastKnownFileType = sourcecode.c.h; path = "UINavigationBar+FlatUI.h"; sourceTree = "<group>"; };
		23D84A3B1AA918D200F1EE71 /* UINavigationBar+FlatUI.m */ = {isa = PBXFileReference; fileEncoding = 4; lastKnownFileType = sourcecode.c.objc; path = "UINavigationBar+FlatUI.m"; sourceTree = "<group>"; };
		23D84A3C1AA918D200F1EE71 /* UIPopoverController+FlatUI.h */ = {isa = PBXFileReference; fileEncoding = 4; lastKnownFileType = sourcecode.c.h; path = "UIPopoverController+FlatUI.h"; sourceTree = "<group>"; };
		23D84A3D1AA918D200F1EE71 /* UIPopoverController+FlatUI.m */ = {isa = PBXFileReference; fileEncoding = 4; lastKnownFileType = sourcecode.c.objc; path = "UIPopoverController+FlatUI.m"; sourceTree = "<group>"; };
		23D84A3E1AA918D200F1EE71 /* UIProgressView+FlatUI.h */ = {isa = PBXFileReference; fileEncoding = 4; lastKnownFileType = sourcecode.c.h; path = "UIProgressView+FlatUI.h"; sourceTree = "<group>"; };
		23D84A3F1AA918D200F1EE71 /* UIProgressView+FlatUI.m */ = {isa = PBXFileReference; fileEncoding = 4; lastKnownFileType = sourcecode.c.objc; path = "UIProgressView+FlatUI.m"; sourceTree = "<group>"; };
		23D84A401AA918D200F1EE71 /* UISlider+FlatUI.h */ = {isa = PBXFileReference; fileEncoding = 4; lastKnownFileType = sourcecode.c.h; path = "UISlider+FlatUI.h"; sourceTree = "<group>"; };
		23D84A411AA918D200F1EE71 /* UISlider+FlatUI.m */ = {isa = PBXFileReference; fileEncoding = 4; lastKnownFileType = sourcecode.c.objc; path = "UISlider+FlatUI.m"; sourceTree = "<group>"; };
		23D84A421AA918D200F1EE71 /* UIStepper+FlatUI.h */ = {isa = PBXFileReference; fileEncoding = 4; lastKnownFileType = sourcecode.c.h; path = "UIStepper+FlatUI.h"; sourceTree = "<group>"; };
		23D84A431AA918D200F1EE71 /* UIStepper+FlatUI.m */ = {isa = PBXFileReference; fileEncoding = 4; lastKnownFileType = sourcecode.c.objc; path = "UIStepper+FlatUI.m"; sourceTree = "<group>"; };
		23D84A441AA918D200F1EE71 /* UITabBar+FlatUI.h */ = {isa = PBXFileReference; fileEncoding = 4; lastKnownFileType = sourcecode.c.h; path = "UITabBar+FlatUI.h"; sourceTree = "<group>"; };
		23D84A451AA918D200F1EE71 /* UITabBar+FlatUI.m */ = {isa = PBXFileReference; fileEncoding = 4; lastKnownFileType = sourcecode.c.objc; path = "UITabBar+FlatUI.m"; sourceTree = "<group>"; };
		23D84A461AA918D200F1EE71 /* UITableViewCell+FlatUI.h */ = {isa = PBXFileReference; fileEncoding = 4; lastKnownFileType = sourcecode.c.h; path = "UITableViewCell+FlatUI.h"; sourceTree = "<group>"; };
		23D84A471AA918D200F1EE71 /* UITableViewCell+FlatUI.m */ = {isa = PBXFileReference; fileEncoding = 4; lastKnownFileType = sourcecode.c.objc; path = "UITableViewCell+FlatUI.m"; sourceTree = "<group>"; };
		23D84A481AA918D200F1EE71 /* UIToolbar+FlatUI.h */ = {isa = PBXFileReference; fileEncoding = 4; lastKnownFileType = sourcecode.c.h; path = "UIToolbar+FlatUI.h"; sourceTree = "<group>"; };
		23D84A491AA918D200F1EE71 /* UIToolbar+FlatUI.m */ = {isa = PBXFileReference; fileEncoding = 4; lastKnownFileType = sourcecode.c.objc; path = "UIToolbar+FlatUI.m"; sourceTree = "<group>"; };
		23D84A611AA91C7D00F1EE71 /* flat-ui-icons-regular.ttf */ = {isa = PBXFileReference; lastKnownFileType = file; path = "flat-ui-icons-regular.ttf"; sourceTree = "<group>"; };
		23D84A621AA91C7D00F1EE71 /* Lato-Bold.ttf */ = {isa = PBXFileReference; lastKnownFileType = file; path = "Lato-Bold.ttf"; sourceTree = "<group>"; };
		23D84A631AA91C7D00F1EE71 /* Lato-Italic.ttf */ = {isa = PBXFileReference; lastKnownFileType = file; path = "Lato-Italic.ttf"; sourceTree = "<group>"; };
		23D84A641AA91C7D00F1EE71 /* Lato-Light.ttf */ = {isa = PBXFileReference; lastKnownFileType = file; path = "Lato-Light.ttf"; sourceTree = "<group>"; };
		23D84A651AA91C7D00F1EE71 /* Lato-Regular.ttf */ = {isa = PBXFileReference; lastKnownFileType = file; path = "Lato-Regular.ttf"; sourceTree = "<group>"; };
		23E2BC521A1B869C000342CE /* Combination.h */ = {isa = PBXFileReference; fileEncoding = 4; lastKnownFileType = sourcecode.c.h; path = Combination.h; sourceTree = "<group>"; };
		23E2BC531A1B869C000342CE /* Combination.m */ = {isa = PBXFileReference; fileEncoding = 4; lastKnownFileType = sourcecode.c.objc; lineEnding = 1; path = Combination.m; sourceTree = "<group>"; };
		23F0FC8C1A8ABCBC0034322F /* NewGameViewController.h */ = {isa = PBXFileReference; fileEncoding = 4; lastKnownFileType = sourcecode.c.h; path = NewGameViewController.h; sourceTree = "<group>"; };
		23F0FC8D1A8ABCBC0034322F /* NewGameViewController.m */ = {isa = PBXFileReference; fileEncoding = 4; lastKnownFileType = sourcecode.c.objc; path = NewGameViewController.m; sourceTree = "<group>"; };
		23F0FC921A8ACE870034322F /* multiple_solutions_2 */ = {isa = PBXFileReference; fileEncoding = 4; lastKnownFileType = text; path = multiple_solutions_2; sourceTree = "<group>"; };
/* End PBXFileReference section */

/* Begin PBXFrameworksBuildPhase section */
		230AD8DE19ED164E00648B01 /* Frameworks */ = {
			isa = PBXFrameworksBuildPhase;
			buildActionMask = 2147483647;
			files = (
				23D84A1A1AA916E500F1EE71 /* CoreText.framework in Frameworks */,
			);
			runOnlyForDeploymentPostprocessing = 0;
		};
		230AD8F719ED164E00648B01 /* Frameworks */ = {
			isa = PBXFrameworksBuildPhase;
			buildActionMask = 2147483647;
			files = (
			);
			runOnlyForDeploymentPostprocessing = 0;
		};
/* End PBXFrameworksBuildPhase section */

/* Begin PBXGroup section */
		230134291A9D0E5400023704 /* SolverView */ = {
			isa = PBXGroup;
			children = (
				236783791A124CB300DF97F2 /* SolverViewController.h */,
				2367837A1A124CB300DF97F2 /* SolverViewController.m */,
				2301342A1A9FCD8300023704 /* solverCellButton.h */,
				2301342B1A9FCD8300023704 /* solverCellButton.m */,
			);
			name = SolverView;
			sourceTree = "<group>";
		};
		230AD8D819ED164E00648B01 = {
			isa = PBXGroup;
			children = (
				23D84A191AA916E500F1EE71 /* CoreText.framework */,
				230AD8E319ED164E00648B01 /* KillerSudoku */,
				230AD8FD19ED164E00648B01 /* KillerSudokuTests */,
				230AD8E219ED164E00648B01 /* Products */,
				23D84A5E1AA91C1200F1EE71 /* Vendor */,
				23D84A601AA91C5200F1EE71 /* Resources */,
			);
			sourceTree = "<group>";
		};
		230AD8E219ED164E00648B01 /* Products */ = {
			isa = PBXGroup;
			children = (
				230AD8E119ED164E00648B01 /* KillerSudoku.app */,
				230AD8FA19ED164E00648B01 /* KillerSudokuTests.xctest */,
			);
			name = Products;
			sourceTree = "<group>";
		};
		230AD8E319ED164E00648B01 /* KillerSudoku */ = {
			isa = PBXGroup;
			children = (
				234BA0581A74F04300B09F5B /* Games */,
				230AD90C19ED190B00648B01 /* Model */,
				2340E5B91A01474B00D56A3A /* View */,
				230AD8E819ED164E00648B01 /* AppDelegate.h */,
				230AD8E919ED164E00648B01 /* AppDelegate.m */,
				230AD8F119ED164E00648B01 /* Images.xcassets */,
				230AD8F319ED164E00648B01 /* LaunchScreen.xib */,
				230AD8E419ED164E00648B01 /* Supporting Files */,
				237582941A1417660057C29B /* Constant.h */,
				2371AB4D1A91FE720098ED5C /* combination.txt */,
				237582951A1417660057C29B /* Constant.m */,
			);
			path = KillerSudoku;
			sourceTree = "<group>";
		};
		230AD8E419ED164E00648B01 /* Supporting Files */ = {
			isa = PBXGroup;
			children = (
				230AD8E519ED164E00648B01 /* Info.plist */,
				230AD8E619ED164E00648B01 /* main.m */,
			);
			name = "Supporting Files";
			sourceTree = "<group>";
		};
		230AD8FD19ED164E00648B01 /* KillerSudokuTests */ = {
			isa = PBXGroup;
			children = (
				230AD91419ED1F2700648B01 /* GameBoardTests.m */,
				230AD90019ED164E00648B01 /* KillerSudokuTests.m */,
				230AD8FE19ED164E00648B01 /* Supporting Files */,
			);
			path = KillerSudokuTests;
			sourceTree = "<group>";
		};
		230AD8FE19ED164E00648B01 /* Supporting Files */ = {
			isa = PBXGroup;
			children = (
				230AD8FF19ED164E00648B01 /* Info.plist */,
			);
			name = "Supporting Files";
			sourceTree = "<group>";
		};
		230AD90C19ED190B00648B01 /* Model */ = {
			isa = PBXGroup;
			children = (
				234BA05B1A74F42C00B09F5B /* Solving Algorithms */,
				230AD91019ED1E9B00648B01 /* GameBoard.h */,
				230AD91119ED1E9B00648B01 /* GameBoard.m */,
				2374890E19F65C3000A0DCE3 /* UnionFind.h */,
				2374890F19F65C3000A0DCE3 /* UnionFind.m */,
				2363BC271A1B3E430063F949 /* Solver.h */,
				2363BC281A1B3E430063F949 /* Solver.m */,
				23E2BC521A1B869C000342CE /* Combination.h */,
				23E2BC531A1B869C000342CE /* Combination.m */,
				231F00181A666B56005886A1 /* Generator.h */,
				231F00191A666B56005886A1 /* Generator.m */,
			);
			name = Model;
			sourceTree = "<group>";
		};
		2340E5B91A01474B00D56A3A /* View */ = {
			isa = PBXGroup;
			children = (
				23881DC21A913FE700527917 /* NewGameView */,
				230134291A9D0E5400023704 /* SolverView */,
				230AD8EB19ED164E00648B01 /* ViewController.h */,
				230AD8EC19ED164E00648B01 /* ViewController.m */,
				230AD8EE19ED164E00648B01 /* Main.storyboard */,
			);
			name = View;
			sourceTree = "<group>";
		};
		234BA0581A74F04300B09F5B /* Games */ = {
			isa = PBXGroup;
			children = (
				2375D0C21A2135370044898A /* allSingleGame */,
				2375D0C41A2141690044898A /* easy1 */,
				234BA0561A74EAD200B09F5B /* game3 */,
				2363BC2C1A1B412F0063F949 /* game1 */,
				23B927E01A38999400A64FAF /* game2 */,
				234BA0591A74F0BD00B09F5B /* multiple_solutions */,
				234BA05C1A74FAF500B09F5B /* no_solution */,
				234BA05E1A74FCDB00B09F5B /* level_50 */,
				234BA0601A74FD7800B09F5B /* level_10 */,
				234BA0621A74FDC000B09F5B /* level_80 */,
				234BA0641A74FE0B00B09F5B /* level_95 */,
				234BA0661A74FE5400B09F5B /* level_0 */,
				23F0FC921A8ACE870034322F /* multiple_solutions_2 */,
			);
			name = Games;
			sourceTree = "<group>";
		};
		234BA05B1A74F42C00B09F5B /* Solving Algorithms */ = {
			isa = PBXGroup;
			children = (
				2367B97F1A378BAA000852AC /* AlgorithmX.h */,
				2367B9801A378BAA000852AC /* AlgorithmX.m */,
				234BA0681A74FFD700B09F5B /* DfsByCell.h */,
				234BA0691A74FFD700B09F5B /* DfsByCell.m */,
				234BA06B1A74FFE300B09F5B /* DfsByCage.h */,
				234BA06C1A74FFE300B09F5B /* DfsByCage.m */,
			);
			name = "Solving Algorithms";
			sourceTree = "<group>";
		};
		23881DC21A913FE700527917 /* NewGameView */ = {
			isa = PBXGroup;
			children = (
				23F0FC8C1A8ABCBC0034322F /* NewGameViewController.h */,
				23F0FC8D1A8ABCBC0034322F /* NewGameViewController.m */,
				23881DC31A91404E00527917 /* cellButton.h */,
				23881DC41A91404E00527917 /* cellButton.m */,
			);
			name = NewGameView;
			sourceTree = "<group>";
		};
		23D84A201AA918B500F1EE71 /* FlatUIKit */ = {
			isa = PBXGroup;
			children = (
				23D84A211AA918D200F1EE71 /* FlatUIKit.h */,
				23D84A221AA918D200F1EE71 /* FUIAlertView.h */,
				23D84A231AA918D200F1EE71 /* FUIAlertView.m */,
				23D84A241AA918D200F1EE71 /* FUIButton.h */,
				23D84A251AA918D200F1EE71 /* FUIButton.m */,
				23D84A261AA918D200F1EE71 /* FUICellBackgroundView.h */,
				23D84A271AA918D200F1EE71 /* FUICellBackgroundView.m */,
				23D84A281AA918D200F1EE71 /* FUIPopoverBackgroundView.h */,
				23D84A291AA918D200F1EE71 /* FUIPopoverBackgroundView.m */,
				23D84A2A1AA918D200F1EE71 /* FUISegmentedControl.h */,
				23D84A2B1AA918D200F1EE71 /* FUISegmentedControl.m */,
				23D84A2C1AA918D200F1EE71 /* FUISwitch.h */,
				23D84A2D1AA918D200F1EE71 /* FUISwitch.m */,
				23D84A2E1AA918D200F1EE71 /* FUITextField.h */,
				23D84A2F1AA918D200F1EE71 /* FUITextField.m */,
				23D84A301AA918D200F1EE71 /* NSString+Icons.h */,
				23D84A311AA918D200F1EE71 /* NSString+Icons.m */,
				23D84A321AA918D200F1EE71 /* UIBarButtonItem+FlatUI.h */,
				23D84A331AA918D200F1EE71 /* UIBarButtonItem+FlatUI.m */,
				23D84A341AA918D200F1EE71 /* UIColor+FlatUI.h */,
				23D84A351AA918D200F1EE71 /* UIColor+FlatUI.m */,
				23D84A361AA918D200F1EE71 /* UIFont+FlatUI.h */,
				23D84A371AA918D200F1EE71 /* UIFont+FlatUI.m */,
				23D84A381AA918D200F1EE71 /* UIImage+FlatUI.h */,
				23D84A391AA918D200F1EE71 /* UIImage+FlatUI.m */,
				23D84A3A1AA918D200F1EE71 /* UINavigationBar+FlatUI.h */,
				23D84A3B1AA918D200F1EE71 /* UINavigationBar+FlatUI.m */,
				23D84A3C1AA918D200F1EE71 /* UIPopoverController+FlatUI.h */,
				23D84A3D1AA918D200F1EE71 /* UIPopoverController+FlatUI.m */,
				23D84A3E1AA918D200F1EE71 /* UIProgressView+FlatUI.h */,
				23D84A3F1AA918D200F1EE71 /* UIProgressView+FlatUI.m */,
				23D84A401AA918D200F1EE71 /* UISlider+FlatUI.h */,
				23D84A411AA918D200F1EE71 /* UISlider+FlatUI.m */,
				23D84A421AA918D200F1EE71 /* UIStepper+FlatUI.h */,
				23D84A431AA918D200F1EE71 /* UIStepper+FlatUI.m */,
				23D84A441AA918D200F1EE71 /* UITabBar+FlatUI.h */,
				23D84A451AA918D200F1EE71 /* UITabBar+FlatUI.m */,
				23D84A461AA918D200F1EE71 /* UITableViewCell+FlatUI.h */,
				23D84A471AA918D200F1EE71 /* UITableViewCell+FlatUI.m */,
				23D84A481AA918D200F1EE71 /* UIToolbar+FlatUI.h */,
				23D84A491AA918D200F1EE71 /* UIToolbar+FlatUI.m */,
			);
			name = FlatUIKit;
			path = KillerSudoku;
			sourceTree = "<group>";
		};
		23D84A5E1AA91C1200F1EE71 /* Vendor */ = {
			isa = PBXGroup;
			children = (
				23D84A201AA918B500F1EE71 /* FlatUIKit */,
			);
			name = Vendor;
			sourceTree = "<group>";
		};
		23D84A601AA91C5200F1EE71 /* Resources */ = {
			isa = PBXGroup;
			children = (
				23D84A611AA91C7D00F1EE71 /* flat-ui-icons-regular.ttf */,
				23D84A621AA91C7D00F1EE71 /* Lato-Bold.ttf */,
				23D84A631AA91C7D00F1EE71 /* Lato-Italic.ttf */,
				23D84A641AA91C7D00F1EE71 /* Lato-Light.ttf */,
				23D84A651AA91C7D00F1EE71 /* Lato-Regular.ttf */,
			);
			name = Resources;
			sourceTree = "<group>";
		};
/* End PBXGroup section */

/* Begin PBXNativeTarget section */
		230AD8E019ED164E00648B01 /* KillerSudoku */ = {
			isa = PBXNativeTarget;
			buildConfigurationList = 230AD90419ED164E00648B01 /* Build configuration list for PBXNativeTarget "KillerSudoku" */;
			buildPhases = (
				230AD8DD19ED164E00648B01 /* Sources */,
				230AD8DE19ED164E00648B01 /* Frameworks */,
				230AD8DF19ED164E00648B01 /* Resources */,
			);
			buildRules = (
			);
			dependencies = (
			);
			name = KillerSudoku;
			productName = KillerSudoku;
			productReference = 230AD8E119ED164E00648B01 /* KillerSudoku.app */;
			productType = "com.apple.product-type.application";
		};
		230AD8F919ED164E00648B01 /* KillerSudokuTests */ = {
			isa = PBXNativeTarget;
			buildConfigurationList = 230AD90719ED164E00648B01 /* Build configuration list for PBXNativeTarget "KillerSudokuTests" */;
			buildPhases = (
				230AD8F619ED164E00648B01 /* Sources */,
				230AD8F719ED164E00648B01 /* Frameworks */,
				230AD8F819ED164E00648B01 /* Resources */,
			);
			buildRules = (
			);
			dependencies = (
				230AD8FC19ED164E00648B01 /* PBXTargetDependency */,
			);
			name = KillerSudokuTests;
			productName = KillerSudokuTests;
			productReference = 230AD8FA19ED164E00648B01 /* KillerSudokuTests.xctest */;
			productType = "com.apple.product-type.bundle.unit-test";
		};
/* End PBXNativeTarget section */

/* Begin PBXProject section */
		230AD8D919ED164E00648B01 /* Project object */ = {
			isa = PBXProject;
			attributes = {
				LastUpgradeCheck = 0600;
				ORGANIZATIONNAME = yongli1992;
				TargetAttributes = {
					230AD8E019ED164E00648B01 = {
						CreatedOnToolsVersion = 6.0.1;
					};
					230AD8F919ED164E00648B01 = {
						CreatedOnToolsVersion = 6.0.1;
						TestTargetID = 230AD8E019ED164E00648B01;
					};
				};
			};
			buildConfigurationList = 230AD8DC19ED164E00648B01 /* Build configuration list for PBXProject "KillerSudoku" */;
			compatibilityVersion = "Xcode 3.2";
			developmentRegion = English;
			hasScannedForEncodings = 0;
			knownRegions = (
				en,
				Base,
			);
			mainGroup = 230AD8D819ED164E00648B01;
			productRefGroup = 230AD8E219ED164E00648B01 /* Products */;
			projectDirPath = "";
			projectRoot = "";
			targets = (
				230AD8E019ED164E00648B01 /* KillerSudoku */,
				230AD8F919ED164E00648B01 /* KillerSudokuTests */,
			);
		};
/* End PBXProject section */

/* Begin PBXResourcesBuildPhase section */
		230AD8DF19ED164E00648B01 /* Resources */ = {
			isa = PBXResourcesBuildPhase;
			buildActionMask = 2147483647;
			files = (
				2371AB511A92003B0098ED5C /* combination.txt in Resources */,
				234BA0651A74FE0B00B09F5B /* level_95 in Resources */,
				234BA05D1A74FAF500B09F5B /* no_solution in Resources */,
				2375D0C51A2141690044898A /* easy1 in Resources */,
				23B927E11A38999400A64FAF /* game2 in Resources */,
				23D84A661AA91C7D00F1EE71 /* flat-ui-icons-regular.ttf in Resources */,
				23D84A691AA91C7D00F1EE71 /* Lato-Light.ttf in Resources */,
				234BA0611A74FD7800B09F5B /* level_10 in Resources */,
				234BA0571A74EAD200B09F5B /* game3 in Resources */,
				2363BC2D1A1B412F0063F949 /* game1 in Resources */,
				23F0FC931A8ACE870034322F /* multiple_solutions_2 in Resources */,
				23D84A681AA91C7D00F1EE71 /* Lato-Italic.ttf in Resources */,
				2375D0C31A2135370044898A /* allSingleGame in Resources */,
				23D84A671AA91C7D00F1EE71 /* Lato-Bold.ttf in Resources */,
				230AD8F019ED164E00648B01 /* Main.storyboard in Resources */,
				230AD8F519ED164E00648B01 /* LaunchScreen.xib in Resources */,
				234BA05F1A74FCDB00B09F5B /* level_50 in Resources */,
				230AD8F219ED164E00648B01 /* Images.xcassets in Resources */,
				234BA05A1A74F0BD00B09F5B /* multiple_solutions in Resources */,
				234BA0671A74FE5400B09F5B /* level_0 in Resources */,
				234BA0631A74FDC000B09F5B /* level_80 in Resources */,
				23D84A6A1AA91C7D00F1EE71 /* Lato-Regular.ttf in Resources */,
			);
			runOnlyForDeploymentPostprocessing = 0;
		};
		230AD8F819ED164E00648B01 /* Resources */ = {
			isa = PBXResourcesBuildPhase;
			buildActionMask = 2147483647;
			files = (
			);
			runOnlyForDeploymentPostprocessing = 0;
		};
/* End PBXResourcesBuildPhase section */

/* Begin PBXSourcesBuildPhase section */
		230AD8DD19ED164E00648B01 /* Sources */ = {
			isa = PBXSourcesBuildPhase;
			buildActionMask = 2147483647;
			files = (
				23D84A501AA918D200F1EE71 /* FUITextField.m in Sources */,
				2301342C1A9FCD8300023704 /* solverCellButton.m in Sources */,
				23D84A561AA918D200F1EE71 /* UINavigationBar+FlatUI.m in Sources */,
				234BA06D1A74FFE300B09F5B /* DfsByCage.m in Sources */,
				23D84A571AA918D200F1EE71 /* UIPopoverController+FlatUI.m in Sources */,
				2367837B1A124CB300DF97F2 /* SolverViewController.m in Sources */,
				23D84A4E1AA918D200F1EE71 /* FUISegmentedControl.m in Sources */,
				23D84A5C1AA918D200F1EE71 /* UITableViewCell+FlatUI.m in Sources */,
				23D84A4F1AA918D200F1EE71 /* FUISwitch.m in Sources */,
				23D84A4A1AA918D200F1EE71 /* FUIAlertView.m in Sources */,
				230AD91219ED1E9B00648B01 /* GameBoard.m in Sources */,
				23D84A551AA918D200F1EE71 /* UIImage+FlatUI.m in Sources */,
				23881DC51A91404E00527917 /* cellButton.m in Sources */,
				230AD8ED19ED164E00648B01 /* ViewController.m in Sources */,
				23D84A5D1AA918D200F1EE71 /* UIToolbar+FlatUI.m in Sources */,
				23D84A4D1AA918D200F1EE71 /* FUIPopoverBackgroundView.m in Sources */,
				2374891019F65C3000A0DCE3 /* UnionFind.m in Sources */,
				230AD8EA19ED164E00648B01 /* AppDelegate.m in Sources */,
				231F001A1A666B56005886A1 /* Generator.m in Sources */,
				23D84A541AA918D200F1EE71 /* UIFont+FlatUI.m in Sources */,
				23D84A521AA918D200F1EE71 /* UIBarButtonItem+FlatUI.m in Sources */,
				234BA06A1A74FFD700B09F5B /* DfsByCell.m in Sources */,
				23D84A531AA918D200F1EE71 /* UIColor+FlatUI.m in Sources */,
				230AD8E719ED164E00648B01 /* main.m in Sources */,
				23F0FC8E1A8ABCBC0034322F /* NewGameViewController.m in Sources */,
				23D84A4C1AA918D200F1EE71 /* FUICellBackgroundView.m in Sources */,
				23D84A581AA918D200F1EE71 /* UIProgressView+FlatUI.m in Sources */,
				23D84A5A1AA918D200F1EE71 /* UIStepper+FlatUI.m in Sources */,
				23D84A5B1AA918D200F1EE71 /* UITabBar+FlatUI.m in Sources */,
				23D84A511AA918D200F1EE71 /* NSString+Icons.m in Sources */,
				2367B9811A378BAA000852AC /* AlgorithmX.m in Sources */,
				23D84A4B1AA918D200F1EE71 /* FUIButton.m in Sources */,
				2363BC291A1B3E430063F949 /* Solver.m in Sources */,
				23D84A591AA918D200F1EE71 /* UISlider+FlatUI.m in Sources */,
				237582961A1417660057C29B /* Constant.m in Sources */,
				23E2BC541A1B869C000342CE /* Combination.m in Sources */,
			);
			runOnlyForDeploymentPostprocessing = 0;
		};
		230AD8F619ED164E00648B01 /* Sources */ = {
			isa = PBXSourcesBuildPhase;
			buildActionMask = 2147483647;
			files = (
				230AD91319ED1E9B00648B01 /* GameBoard.m in Sources */,
				230AD90119ED164E00648B01 /* KillerSudokuTests.m in Sources */,
				230AD91519ED1F2700648B01 /* GameBoardTests.m in Sources */,
			);
			runOnlyForDeploymentPostprocessing = 0;
		};
/* End PBXSourcesBuildPhase section */

/* Begin PBXTargetDependency section */
		230AD8FC19ED164E00648B01 /* PBXTargetDependency */ = {
			isa = PBXTargetDependency;
			target = 230AD8E019ED164E00648B01 /* KillerSudoku */;
			targetProxy = 230AD8FB19ED164E00648B01 /* PBXContainerItemProxy */;
		};
/* End PBXTargetDependency section */

/* Begin PBXVariantGroup section */
		230AD8EE19ED164E00648B01 /* Main.storyboard */ = {
			isa = PBXVariantGroup;
			children = (
				230AD8EF19ED164E00648B01 /* Base */,
			);
			name = Main.storyboard;
			sourceTree = "<group>";
		};
		230AD8F319ED164E00648B01 /* LaunchScreen.xib */ = {
			isa = PBXVariantGroup;
			children = (
				230AD8F419ED164E00648B01 /* Base */,
			);
			name = LaunchScreen.xib;
			sourceTree = "<group>";
		};
/* End PBXVariantGroup section */

/* Begin XCBuildConfiguration section */
		230AD90219ED164E00648B01 /* Debug */ = {
			isa = XCBuildConfiguration;
			buildSettings = {
				ALWAYS_SEARCH_USER_PATHS = NO;
				CLANG_CXX_LANGUAGE_STANDARD = "gnu++0x";
				CLANG_CXX_LIBRARY = "libc++";
				CLANG_ENABLE_MODULES = YES;
				CLANG_ENABLE_OBJC_ARC = YES;
				CLANG_WARN_BOOL_CONVERSION = YES;
				CLANG_WARN_CONSTANT_CONVERSION = YES;
				CLANG_WARN_DIRECT_OBJC_ISA_USAGE = YES_ERROR;
				CLANG_WARN_EMPTY_BODY = YES;
				CLANG_WARN_ENUM_CONVERSION = YES;
				CLANG_WARN_INT_CONVERSION = YES;
				CLANG_WARN_OBJC_ROOT_CLASS = YES_ERROR;
				CLANG_WARN_UNREACHABLE_CODE = YES;
				CLANG_WARN__DUPLICATE_METHOD_MATCH = YES;
				"CODE_SIGN_IDENTITY[sdk=iphoneos*]" = "iPhone Developer";
				COPY_PHASE_STRIP = NO;
				ENABLE_STRICT_OBJC_MSGSEND = YES;
				GCC_C_LANGUAGE_STANDARD = gnu99;
				GCC_DYNAMIC_NO_PIC = NO;
				GCC_OPTIMIZATION_LEVEL = 0;
				GCC_PREPROCESSOR_DEFINITIONS = (
					"DEBUG=1",
					"$(inherited)",
				);
				GCC_SYMBOLS_PRIVATE_EXTERN = NO;
				GCC_WARN_64_TO_32_BIT_CONVERSION = YES;
				GCC_WARN_ABOUT_RETURN_TYPE = YES_ERROR;
				GCC_WARN_UNDECLARED_SELECTOR = YES;
				GCC_WARN_UNINITIALIZED_AUTOS = YES_AGGRESSIVE;
				GCC_WARN_UNUSED_FUNCTION = YES;
				GCC_WARN_UNUSED_VARIABLE = YES;
				IPHONEOS_DEPLOYMENT_TARGET = 8.0;
				MTL_ENABLE_DEBUG_INFO = YES;
				ONLY_ACTIVE_ARCH = YES;
				SDKROOT = iphoneos;
			};
			name = Debug;
		};
		230AD90319ED164E00648B01 /* Release */ = {
			isa = XCBuildConfiguration;
			buildSettings = {
				ALWAYS_SEARCH_USER_PATHS = NO;
				CLANG_CXX_LANGUAGE_STANDARD = "gnu++0x";
				CLANG_CXX_LIBRARY = "libc++";
				CLANG_ENABLE_MODULES = YES;
				CLANG_ENABLE_OBJC_ARC = YES;
				CLANG_WARN_BOOL_CONVERSION = YES;
				CLANG_WARN_CONSTANT_CONVERSION = YES;
				CLANG_WARN_DIRECT_OBJC_ISA_USAGE = YES_ERROR;
				CLANG_WARN_EMPTY_BODY = YES;
				CLANG_WARN_ENUM_CONVERSION = YES;
				CLANG_WARN_INT_CONVERSION = YES;
				CLANG_WARN_OBJC_ROOT_CLASS = YES_ERROR;
				CLANG_WARN_UNREACHABLE_CODE = YES;
				CLANG_WARN__DUPLICATE_METHOD_MATCH = YES;
				"CODE_SIGN_IDENTITY[sdk=iphoneos*]" = "iPhone Developer";
				COPY_PHASE_STRIP = YES;
				ENABLE_NS_ASSERTIONS = NO;
				ENABLE_STRICT_OBJC_MSGSEND = YES;
				GCC_C_LANGUAGE_STANDARD = gnu99;
				GCC_WARN_64_TO_32_BIT_CONVERSION = YES;
				GCC_WARN_ABOUT_RETURN_TYPE = YES_ERROR;
				GCC_WARN_UNDECLARED_SELECTOR = YES;
				GCC_WARN_UNINITIALIZED_AUTOS = YES_AGGRESSIVE;
				GCC_WARN_UNUSED_FUNCTION = YES;
				GCC_WARN_UNUSED_VARIABLE = YES;
				IPHONEOS_DEPLOYMENT_TARGET = 8.0;
				MTL_ENABLE_DEBUG_INFO = NO;
				SDKROOT = iphoneos;
				VALIDATE_PRODUCT = YES;
			};
			name = Release;
		};
		230AD90519ED164E00648B01 /* Debug */ = {
			isa = XCBuildConfiguration;
			buildSettings = {
				ASSETCATALOG_COMPILER_APPICON_NAME = AppIcon;
				CLANG_ENABLE_MODULES = YES;
				INFOPLIST_FILE = KillerSudoku/Info.plist;
				LD_RUNPATH_SEARCH_PATHS = "$(inherited) @executable_path/Frameworks";
				PRODUCT_NAME = "$(TARGET_NAME)";
				SWIFT_OBJC_BRIDGING_HEADER = "KillerSudoku/KillerSudoku-Bridging-Header.h";
				SWIFT_OPTIMIZATION_LEVEL = "-Onone";
			};
			name = Debug;
		};
		230AD90619ED164E00648B01 /* Release */ = {
			isa = XCBuildConfiguration;
			buildSettings = {
				ASSETCATALOG_COMPILER_APPICON_NAME = AppIcon;
				CLANG_ENABLE_MODULES = YES;
				INFOPLIST_FILE = KillerSudoku/Info.plist;
				LD_RUNPATH_SEARCH_PATHS = "$(inherited) @executable_path/Frameworks";
				PRODUCT_NAME = "$(TARGET_NAME)";
				SWIFT_OBJC_BRIDGING_HEADER = "KillerSudoku/KillerSudoku-Bridging-Header.h";
			};
			name = Release;
		};
		230AD90819ED164E00648B01 /* Debug */ = {
			isa = XCBuildConfiguration;
			buildSettings = {
				BUNDLE_LOADER = "$(TEST_HOST)";
				CLANG_ENABLE_MODULES = YES;
				FRAMEWORK_SEARCH_PATHS = (
					"$(SDKROOT)/Developer/Library/Frameworks",
					"$(inherited)",
				);
				GCC_PREPROCESSOR_DEFINITIONS = (
					"DEBUG=1",
					"$(inherited)",
				);
				INFOPLIST_FILE = KillerSudokuTests/Info.plist;
				LD_RUNPATH_SEARCH_PATHS = "$(inherited) @executable_path/Frameworks @loader_path/Frameworks";
				PRODUCT_NAME = "$(TARGET_NAME)";
				SWIFT_OBJC_BRIDGING_HEADER = "KillerSudoku/KillerSudokuTests-Bridging-Header.h";
				SWIFT_OPTIMIZATION_LEVEL = "-Onone";
				TEST_HOST = "$(BUILT_PRODUCTS_DIR)/KillerSudoku.app/KillerSudoku";
			};
			name = Debug;
		};
		230AD90919ED164E00648B01 /* Release */ = {
			isa = XCBuildConfiguration;
			buildSettings = {
				BUNDLE_LOADER = "$(TEST_HOST)";
				CLANG_ENABLE_MODULES = YES;
				FRAMEWORK_SEARCH_PATHS = (
					"$(SDKROOT)/Developer/Library/Frameworks",
					"$(inherited)",
				);
				INFOPLIST_FILE = KillerSudokuTests/Info.plist;
				LD_RUNPATH_SEARCH_PATHS = "$(inherited) @executable_path/Frameworks @loader_path/Frameworks";
				PRODUCT_NAME = "$(TARGET_NAME)";
				SWIFT_OBJC_BRIDGING_HEADER = "KillerSudoku/KillerSudokuTests-Bridging-Header.h";
				TEST_HOST = "$(BUILT_PRODUCTS_DIR)/KillerSudoku.app/KillerSudoku";
			};
			name = Release;
		};
/* End XCBuildConfiguration section */

/* Begin XCConfigurationList section */
		230AD8DC19ED164E00648B01 /* Build configuration list for PBXProject "KillerSudoku" */ = {
			isa = XCConfigurationList;
			buildConfigurations = (
				230AD90219ED164E00648B01 /* Debug */,
				230AD90319ED164E00648B01 /* Release */,
			);
			defaultConfigurationIsVisible = 0;
			defaultConfigurationName = Release;
		};
		230AD90419ED164E00648B01 /* Build configuration list for PBXNativeTarget "KillerSudoku" */ = {
			isa = XCConfigurationList;
			buildConfigurations = (
				230AD90519ED164E00648B01 /* Debug */,
				230AD90619ED164E00648B01 /* Release */,
			);
			defaultConfigurationIsVisible = 0;
			defaultConfigurationName = Release;
		};
		230AD90719ED164E00648B01 /* Build configuration list for PBXNativeTarget "KillerSudokuTests" */ = {
			isa = XCConfigurationList;
			buildConfigurations = (
				230AD90819ED164E00648B01 /* Debug */,
				230AD90919ED164E00648B01 /* Release */,
			);
			defaultConfigurationIsVisible = 0;
			defaultConfigurationName = Release;
		};
/* End XCConfigurationList section */
	};
	rootObject = 230AD8D919ED164E00648B01 /* Project object */;
}
